// !$*UTF8*$!
{
	archiveVersion = 1;
	classes = {
	};
	objectVersion = 48;
	objects = {

/* Begin PBXBuildFile section */
		B9C9D5B42026C3A400C5EE2F /* AppDelegate.swift in Sources */ = {isa = PBXBuildFile; fileRef = B9C9D5B32026C3A400C5EE2F /* AppDelegate.swift */; };
		B9C9D5B62026C3A400C5EE2F /* ViewController.swift in Sources */ = {isa = PBXBuildFile; fileRef = B9C9D5B52026C3A400C5EE2F /* ViewController.swift */; };
		B9C9D5B92026C3A400C5EE2F /* Main.storyboard in Resources */ = {isa = PBXBuildFile; fileRef = B9C9D5B72026C3A400C5EE2F /* Main.storyboard */; };
		B9C9D5BB2026C3A400C5EE2F /* Assets.xcassets in Resources */ = {isa = PBXBuildFile; fileRef = B9C9D5BA2026C3A400C5EE2F /* Assets.xcassets */; };
		B9C9D5BE2026C3A400C5EE2F /* LaunchScreen.storyboard in Resources */ = {isa = PBXBuildFile; fileRef = B9C9D5BC2026C3A400C5EE2F /* LaunchScreen.storyboard */; };
		B9C9D5CE2026DF2400C5EE2F /* cannon.mp3 in Resources */ = {isa = PBXBuildFile; fileRef = B9C9D5C72026DF2400C5EE2F /* cannon.mp3 */; };
		B9C9D5CF2026DF2400C5EE2F /* elise.mp3 in Resources */ = {isa = PBXBuildFile; fileRef = B9C9D5C82026DF2400C5EE2F /* elise.mp3 */; };
		B9C9D5D02026DF2400C5EE2F /*  alia.mp3 in Resources */ = {isa = PBXBuildFile; fileRef = B9C9D5C92026DF2400C5EE2F /*  alia.mp3 */; };
		B9C9D5D12026DF2400C5EE2F /* Beethoven.jpg in Resources */ = {isa = PBXBuildFile; fileRef = B9C9D5CB2026DF2400C5EE2F /* Beethoven.jpg */; };
		B9C9D5D22026DF2400C5EE2F /* Pachelbel.jpg in Resources */ = {isa = PBXBuildFile; fileRef = B9C9D5CC2026DF2400C5EE2F /* Pachelbel.jpg */; };
		B9C9D5D32026DF2400C5EE2F /* Bach.jpg in Resources */ = {isa = PBXBuildFile; fileRef = B9C9D5CD2026DF2400C5EE2F /* Bach.jpg */; };
/* End PBXBuildFile section */

/* Begin PBXFileReference section */
		B9C9D5B02026C3A400C5EE2F /* Swift4tableView_song.app */ = {isa = PBXFileReference; explicitFileType = wrapper.application; includeInIndex = 0; path = Swift4tableView_song.app; sourceTree = BUILT_PRODUCTS_DIR; };
		B9C9D5B32026C3A400C5EE2F /* AppDelegate.swift */ = {isa = PBXFileReference; lastKnownFileType = sourcecode.swift; path = AppDelegate.swift; sourceTree = "<group>"; };
		B9C9D5B52026C3A400C5EE2F /* ViewController.swift */ = {isa = PBXFileReference; lastKnownFileType = sourcecode.swift; path = ViewController.swift; sourceTree = "<group>"; };
		B9C9D5B82026C3A400C5EE2F /* Base */ = {isa = PBXFileReference; lastKnownFileType = file.storyboard; name = Base; path = Base.lproj/Main.storyboard; sourceTree = "<group>"; };
		B9C9D5BA2026C3A400C5EE2F /* Assets.xcassets */ = {isa = PBXFileReference; lastKnownFileType = folder.assetcatalog; path = Assets.xcassets; sourceTree = "<group>"; };
		B9C9D5BD2026C3A400C5EE2F /* Base */ = {isa = PBXFileReference; lastKnownFileType = file.storyboard; name = Base; path = Base.lproj/LaunchScreen.storyboard; sourceTree = "<group>"; };
		B9C9D5BF2026C3A400C5EE2F /* Info.plist */ = {isa = PBXFileReference; lastKnownFileType = text.plist.xml; path = Info.plist; sourceTree = "<group>"; };
		B9C9D5C72026DF2400C5EE2F /* cannon.mp3 */ = {isa = PBXFileReference; lastKnownFileType = audio.mp3; path = cannon.mp3; sourceTree = "<group>"; };
		B9C9D5C82026DF2400C5EE2F /* elise.mp3 */ = {isa = PBXFileReference; lastKnownFileType = audio.mp3; path = elise.mp3; sourceTree = "<group>"; };
		B9C9D5C92026DF2400C5EE2F /*  alia.mp3 */ = {isa = PBXFileReference; lastKnownFileType = audio.mp3; path = " alia.mp3"; sourceTree = "<group>"; };
		B9C9D5CB2026DF2400C5EE2F /* Beethoven.jpg */ = {isa = PBXFileReference; lastKnownFileType = image.jpeg; path = Beethoven.jpg; sourceTree = "<group>"; };
		B9C9D5CC2026DF2400C5EE2F /* Pachelbel.jpg */ = {isa = PBXFileReference; lastKnownFileType = image.jpeg; path = Pachelbel.jpg; sourceTree = "<group>"; };
		B9C9D5CD2026DF2400C5EE2F /* Bach.jpg */ = {isa = PBXFileReference; lastKnownFileType = image.jpeg; path = Bach.jpg; sourceTree = "<group>"; };
/* End PBXFileReference section */

/* Begin PBXFrameworksBuildPhase section */
		B9C9D5AD2026C3A400C5EE2F /* Frameworks */ = {
			isa = PBXFrameworksBuildPhase;
			buildActionMask = 2147483647;
			files = (
			);
			runOnlyForDeploymentPostprocessing = 0;
		};
/* End PBXFrameworksBuildPhase section */

/* Begin PBXGroup section */
		B9C9D5A72026C3A400C5EE2F = {
			isa = PBXGroup;
			children = (
				B9C9D5B22026C3A400C5EE2F /* Swift4tableView_song */,
				B9C9D5B12026C3A400C5EE2F /* Products */,
			);
			sourceTree = "<group>";
		};
		B9C9D5B12026C3A400C5EE2F /* Products */ = {
			isa = PBXGroup;
			children = (
				B9C9D5B02026C3A400C5EE2F /* Swift4tableView_song.app */,
			);
			name = Products;
			sourceTree = "<group>";
		};
		B9C9D5B22026C3A400C5EE2F /* Swift4tableView_song */ = {
			isa = PBXGroup;
			children = (
				B9C9D5C52026DF2400C5EE2F /* Resources 2 */,
				B9C9D5B32026C3A400C5EE2F /* AppDelegate.swift */,
				B9C9D5B52026C3A400C5EE2F /* ViewController.swift */,
				B9C9D5B72026C3A400C5EE2F /* Main.storyboard */,
				B9C9D5BA2026C3A400C5EE2F /* Assets.xcassets */,
				B9C9D5BC2026C3A400C5EE2F /* LaunchScreen.storyboard */,
				B9C9D5BF2026C3A400C5EE2F /* Info.plist */,
			);
			path = Swift4tableView_song;
			sourceTree = "<group>";
		};
		B9C9D5C52026DF2400C5EE2F /* Resources 2 */ = {
			isa = PBXGroup;
			children = (
				B9C9D5C62026DF2400C5EE2F /* Songs */,
				B9C9D5CA2026DF2400C5EE2F /* Images */,
			);
			path = "Resources 2";
			sourceTree = "<group>";
		};
		B9C9D5C62026DF2400C5EE2F /* Songs */ = {
			isa = PBXGroup;
			children = (
				B9C9D5C72026DF2400C5EE2F /* cannon.mp3 */,
				B9C9D5C82026DF2400C5EE2F /* elise.mp3 */,
				B9C9D5C92026DF2400C5EE2F /*  alia.mp3 */,
			);
			path = Songs;
			sourceTree = "<group>";
		};
		B9C9D5CA2026DF2400C5EE2F /* Images */ = {
			isa = PBXGroup;
			children = (
				B9C9D5CB2026DF2400C5EE2F /* Beethoven.jpg */,
				B9C9D5CC2026DF2400C5EE2F /* Pachelbel.jpg */,
				B9C9D5CD2026DF2400C5EE2F /* Bach.jpg */,
			);
			path = Images;
			sourceTree = "<group>";
		};
/* End PBXGroup section */

/* Begin PBXNativeTarget section */
		B9C9D5AF2026C3A400C5EE2F /* Swift4tableView_song */ = {
			isa = PBXNativeTarget;
			buildConfigurationList = B9C9D5C22026C3A400C5EE2F /* Build configuration list for PBXNativeTarget "Swift4tableView_song" */;
			buildPhases = (
				B9C9D5AC2026C3A400C5EE2F /* Sources */,
				B9C9D5AD2026C3A400C5EE2F /* Frameworks */,
				B9C9D5AE2026C3A400C5EE2F /* Resources */,
			);
			buildRules = (
			);
			dependencies = (
			);
			name = Swift4tableView_song;
			productName = Swift4tableView_song;
			productReference = B9C9D5B02026C3A400C5EE2F /* Swift4tableView_song.app */;
			productType = "com.apple.product-type.application";
		};
/* End PBXNativeTarget section */

/* Begin PBXProject section */
		B9C9D5A82026C3A400C5EE2F /* Project object */ = {
			isa = PBXProject;
			attributes = {
				LastSwiftUpdateCheck = 0920;
				LastUpgradeCheck = 0920;
				ORGANIZATIONNAME = "tatsumi kentaro";
				TargetAttributes = {
					B9C9D5AF2026C3A400C5EE2F = {
						CreatedOnToolsVersion = 9.2;
						ProvisioningStyle = Automatic;
						SystemCapabilities = {
							com.apple.BackgroundModes = {
								enabled = 1;
							};
						};
					};
				};
			};
			buildConfigurationList = B9C9D5AB2026C3A400C5EE2F /* Build configuration list for PBXProject "Swift4tableView_song" */;
			compatibilityVersion = "Xcode 8.0";
			developmentRegion = en;
			hasScannedForEncodings = 0;
			knownRegions = (
				en,
				Base,
			);
			mainGroup = B9C9D5A72026C3A400C5EE2F;
			productRefGroup = B9C9D5B12026C3A400C5EE2F /* Products */;
			projectDirPath = "";
			projectRoot = "";
			targets = (
				B9C9D5AF2026C3A400C5EE2F /* Swift4tableView_song */,
			);
		};
/* End PBXProject section */

/* Begin PBXResourcesBuildPhase section */
		B9C9D5AE2026C3A400C5EE2F /* Resources */ = {
			isa = PBXResourcesBuildPhase;
			buildActionMask = 2147483647;
			files = (
				B9C9D5BE2026C3A400C5EE2F /* LaunchScreen.storyboard in Resources */,
				B9C9D5CE2026DF2400C5EE2F /* cannon.mp3 in Resources */,
				B9C9D5D32026DF2400C5EE2F /* Bach.jpg in Resources */,
				B9C9D5CF2026DF2400C5EE2F /* elise.mp3 in Resources */,
				B9C9D5BB2026C3A400C5EE2F /* Assets.xcassets in Resources */,
				B9C9D5D22026DF2400C5EE2F /* Pachelbel.jpg in Resources */,
				B9C9D5B92026C3A400C5EE2F /* Main.storyboard in Resources */,
				B9C9D5D02026DF2400C5EE2F /*  alia.mp3 in Resources */,
				B9C9D5D12026DF2400C5EE2F /* Beethoven.jpg in Resources */,
			);
			runOnlyForDeploymentPostprocessing = 0;
		};
/* End PBXResourcesBuildPhase section */

/* Begin PBXSourcesBuildPhase section */
		B9C9D5AC2026C3A400C5EE2F /* Sources */ = {
			isa = PBXSourcesBuildPhase;
			buildActionMask = 2147483647;
			files = (
				B9C9D5B62026C3A400C5EE2F /* ViewController.swift in Sources */,
				B9C9D5B42026C3A400C5EE2F /* AppDelegate.swift in Sources */,
			);
			runOnlyForDeploymentPostprocessing = 0;
		};
/* End PBXSourcesBuildPhase section */

/* Begin PBXVariantGroup section */
		B9C9D5B72026C3A400C5EE2F /* Main.storyboard */ = {
			isa = PBXVariantGroup;
			children = (
				B9C9D5B82026C3A400C5EE2F /* Base */,
			);
			name = Main.storyboard;
			sourceTree = "<group>";
		};
		B9C9D5BC2026C3A400C5EE2F /* LaunchScreen.storyboard */ = {
			isa = PBXVariantGroup;
			children = (
				B9C9D5BD2026C3A400C5EE2F /* Base */,
			);
			name = LaunchScreen.storyboard;
			sourceTree = "<group>";
		};
/* End PBXVariantGroup section */

/* Begin XCBuildConfiguration section */
		B9C9D5C02026C3A400C5EE2F /* Debug */ = {
			isa = XCBuildConfiguration;
			buildSettings = {
				ALWAYS_SEARCH_USER_PATHS = NO;
				CLANG_ANALYZER_NONNULL = YES;
				CLANG_ANALYZER_NUMBER_OBJECT_CONVERSION = YES_AGGRESSIVE;
				CLANG_CXX_LANGUAGE_STANDARD = "gnu++14";
				CLANG_CXX_LIBRARY = "libc++";
				CLANG_ENABLE_MODULES = YES;
				CLANG_ENABLE_OBJC_ARC = YES;
				CLANG_WARN_BLOCK_CAPTURE_AUTORELEASING = YES;
				CLANG_WARN_BOOL_CONVERSION = YES;
				CLANG_WARN_COMMA = YES;
				CLANG_WARN_CONSTANT_CONVERSION = YES;
				CLANG_WARN_DIRECT_OBJC_ISA_USAGE = YES_ERROR;
				CLANG_WARN_DOCUMENTATION_COMMENTS = YES;
				CLANG_WARN_EMPTY_BODY = YES;
				CLANG_WARN_ENUM_CONVERSION = YES;
				CLANG_WARN_INFINITE_RECURSION = YES;
				CLANG_WARN_INT_CONVERSION = YES;
				CLANG_WARN_NON_LITERAL_NULL_CONVERSION = YES;
				CLANG_WARN_OBJC_LITERAL_CONVERSION = YES;
				CLANG_WARN_OBJC_ROOT_CLASS = YES_ERROR;
				CLANG_WARN_RANGE_LOOP_ANALYSIS = YES;
				CLANG_WARN_STRICT_PROTOTYPES = YES;
				CLANG_WARN_SUSPICIOUS_MOVE = YES;
				CLANG_WARN_UNGUARDED_AVAILABILITY = YES_AGGRESSIVE;
				CLANG_WARN_UNREACHABLE_CODE = YES;
				CLANG_WARN__DUPLICATE_METHOD_MATCH = YES;
				CODE_SIGN_IDENTITY = "iPhone Developer";
				COPY_PHASE_STRIP = NO;
				DEBUG_INFORMATION_FORMAT = dwarf;
				ENABLE_STRICT_OBJC_MSGSEND = YES;
				ENABLE_TESTABILITY = YES;
				GCC_C_LANGUAGE_STANDARD = gnu11;
				GCC_DYNAMIC_NO_PIC = NO;
				GCC_NO_COMMON_BLOCKS = YES;
				GCC_OPTIMIZATION_LEVEL = 0;
				GCC_PREPROCESSOR_DEFINITIONS = (
					"DEBUG=1",
					"$(inherited)",
				);
				GCC_WARN_64_TO_32_BIT_CONVERSION = YES;
				GCC_WARN_ABOUT_RETURN_TYPE = YES_ERROR;
				GCC_WARN_UNDECLARED_SELECTOR = YES;
				GCC_WARN_UNINITIALIZED_AUTOS = YES_AGGRESSIVE;
				GCC_WARN_UNUSED_FUNCTION = YES;
				GCC_WARN_UNUSED_VARIABLE = YES;
				IPHONEOS_DEPLOYMENT_TARGET = 11.2;
				MTL_ENABLE_DEBUG_INFO = YES;
				ONLY_ACTIVE_ARCH = YES;
				SDKROOT = iphoneos;
				SWIFT_ACTIVE_COMPILATION_CONDITIONS = DEBUG;
				SWIFT_OPTIMIZATION_LEVEL = "-Onone";
			};
			name = Debug;
		};
		B9C9D5C12026C3A400C5EE2F /* Release */ = {
			isa = XCBuildConfiguration;
			buildSettings = {
				ALWAYS_SEARCH_USER_PATHS = NO;
				CLANG_ANALYZER_NONNULL = YES;
				CLANG_ANALYZER_NUMBER_OBJECT_CONVERSION = YES_AGGRESSIVE;
				CLANG_CXX_LANGUAGE_STANDARD = "gnu++14";
				CLANG_CXX_LIBRARY = "libc++";
				CLANG_ENABLE_MODULES = YES;
				CLANG_ENABLE_OBJC_ARC = YES;
				CLANG_WARN_BLOCK_CAPTURE_AUTORELEASING = YES;
				CLANG_WARN_BOOL_CONVERSION = YES;
				CLANG_WARN_COMMA = YES;
				CLANG_WARN_CONSTANT_CONVERSION = YES;
				CLANG_WARN_DIRECT_OBJC_ISA_USAGE = YES_ERROR;
				CLANG_WARN_DOCUMENTATION_COMMENTS = YES;
				CLANG_WARN_EMPTY_BODY = YES;
				CLANG_WARN_ENUM_CONVERSION = YES;
				CLANG_WARN_INFINITE_RECURSION = YES;
				CLANG_WARN_INT_CONVERSION = YES;
				CLANG_WARN_NON_LITERAL_NULL_CONVERSION = YES;
				CLANG_WARN_OBJC_LITERAL_CONVERSION = YES;
				CLANG_WARN_OBJC_ROOT_CLASS = YES_ERROR;
				CLANG_WARN_RANGE_LOOP_ANALYSIS = YES;
				CLANG_WARN_STRICT_PROTOTYPES = YES;
				CLANG_WARN_SUSPICIOUS_MOVE = YES;
				CLANG_WARN_UNGUARDED_AVAILABILITY = YES_AGGRESSIVE;
				CLANG_WARN_UNREACHABLE_CODE = YES;
				CLANG_WARN__DUPLICATE_METHOD_MATCH = YES;
				CODE_SIGN_IDENTITY = "iPhone Developer";
				COPY_PHASE_STRIP = NO;
				DEBUG_INFORMATION_FORMAT = "dwarf-with-dsym";
				ENABLE_NS_ASSERTIONS = NO;
				ENABLE_STRICT_OBJC_MSGSEND = YES;
				GCC_C_LANGUAGE_STANDARD = gnu11;
				GCC_NO_COMMON_BLOCKS = YES;
				GCC_WARN_64_TO_32_BIT_CONVERSION = YES;
				GCC_WARN_ABOUT_RETURN_TYPE = YES_ERROR;
				GCC_WARN_UNDECLARED_SELECTOR = YES;
				GCC_WARN_UNINITIALIZED_AUTOS = YES_AGGRESSIVE;
				GCC_WARN_UNUSED_FUNCTION = YES;
				GCC_WARN_UNUSED_VARIABLE = YES;
				IPHONEOS_DEPLOYMENT_TARGET = 11.2;
				MTL_ENABLE_DEBUG_INFO = NO;
				SDKROOT = iphoneos;
				SWIFT_OPTIMIZATION_LEVEL = "-Owholemodule";
				VALIDATE_PRODUCT = YES;
			};
			name = Release;
		};
		B9C9D5C32026C3A400C5EE2F /* Debug */ = {
			isa = XCBuildConfiguration;
			buildSettings = {
				ASSETCATALOG_COMPILER_APPICON_NAME = AppIcon;
				CODE_SIGN_STYLE = Automatic;
				DEVELOPMENT_TEAM = TBZF3HX4JL;
				INFOPLIST_FILE = Swift4tableView_song/Info.plist;
				LD_RUNPATH_SEARCH_PATHS = "$(inherited) @executable_path/Frameworks";
				PRODUCT_BUNDLE_IDENTIFIER = "jp.ne.sakura.tatsumi44.Swift4tableView-song";
				PRODUCT_NAME = "$(TARGET_NAME)";
				SWIFT_VERSION = 4.0;
				TARGETED_DEVICE_FAMILY = "1,2";
			};
			name = Debug;
		};
		B9C9D5C42026C3A400C5EE2F /* Release */ = {
			isa = XCBuildConfiguration;
			buildSettings = {
				ASSETCATALOG_COMPILER_APPICON_NAME = AppIcon;
				CODE_SIGN_STYLE = Automatic;
				DEVELOPMENT_TEAM = TBZF3HX4JL;
				INFOPLIST_FILE = Swift4tableView_song/Info.plist;
				LD_RUNPATH_SEARCH_PATHS = "$(inherited) @executable_path/Frameworks";
				PRODUCT_BUNDLE_IDENTIFIER = "jp.ne.sakura.tatsumi44.Swift4tableView-song";
				PRODUCT_NAME = "$(TARGET_NAME)";
				SWIFT_VERSION = 4.0;
				TARGETED_DEVICE_FAMILY = "1,2";
			};
			name = Release;
		};
/* End XCBuildConfiguration section */

/* Begin XCConfigurationList section */
		B9C9D5AB2026C3A400C5EE2F /* Build configuration list for PBXProject "Swift4tableView_song" */ = {
			isa = XCConfigurationList;
			buildConfigurations = (
				B9C9D5C02026C3A400C5EE2F /* Debug */,
				B9C9D5C12026C3A400C5EE2F /* Release */,
			);
			defaultConfigurationIsVisible = 0;
			defaultConfigurationName = Release;
		};
		B9C9D5C22026C3A400C5EE2F /* Build configuration list for PBXNativeTarget "Swift4tableView_song" */ = {
			isa = XCConfigurationList;
			buildConfigurations = (
				B9C9D5C32026C3A400C5EE2F /* Debug */,
				B9C9D5C42026C3A400C5EE2F /* Release */,
			);
			defaultConfigurationIsVisible = 0;
			defaultConfigurationName = Release;
		};
/* End XCConfigurationList section */
	};
	rootObject = B9C9D5A82026C3A400C5EE2F /* Project object */;
}
